
Microsoft Visual Studio Solution File, Format Version 12.00
# Visual Studio Version 16
VisualStudioVersion = 16.6.30114.105
MinimumVisualStudioVersion = 10.0.40219.1
Project("{FAE04EC0-301F-11D3-BF4B-00C04F79EFBC}") = "Essentials", "Essentials\Essentials.csproj", "{C4455430-2511-4D8B-A33C-F286DF1F21B3}"
EndProject
Project("{FAE04EC0-301F-11D3-BF4B-00C04F79EFBC}") = "MessagePackExercise", "MessagePackExercise\MessagePackExercise.csproj", "{5A537A70-F4A4-4120-975F-7968985AEA16}"
EndProject
Project("{FAE04EC0-301F-11D3-BF4B-00C04F79EFBC}") = "RedisBackplane", "RedisBackplane\RedisBackplane.csproj", "{EFFE4427-9E27-445A-8E4F-A5DC3B558D80}"
EndProject
Global
	GlobalSection(SolutionConfigurationPlatforms) = preSolution
		Debug|Any CPU = Debug|Any CPU
		Debug|x64 = Debug|x64
		Debug|x86 = Debug|x86
		Release|Any CPU = Release|Any CPU
		Release|x64 = Release|x64
		Release|x86 = Release|x86
	EndGlobalSection
	GlobalSection(SolutionProperties) = preSolution
		HideSolutionNode = FALSE
	EndGlobalSection
	GlobalSection(ProjectConfigurationPlatforms) = postSolution
		{C4455430-2511-4D8B-A33C-F286DF1F21B3}.Debug|Any CPU.ActiveCfg = Debug|Any CPU
		{C4455430-2511-4D8B-A33C-F286DF1F21B3}.Debug|Any CPU.Build.0 = Debug|Any CPU
		{C4455430-2511-4D8B-A33C-F286DF1F21B3}.Debug|x64.ActiveCfg = Debug|Any CPU
		{C4455430-2511-4D8B-A33C-F286DF1F21B3}.Debug|x64.Build.0 = Debug|Any CPU
		{C4455430-2511-4D8B-A33C-F286DF1F21B3}.Debug|x86.ActiveCfg = Debug|Any CPU
		{C4455430-2511-4D8B-A33C-F286DF1F21B3}.Debug|x86.Build.0 = Debug|Any CPU
		{C4455430-2511-4D8B-A33C-F286DF1F21B3}.Release|Any CPU.ActiveCfg = Release|Any CPU
		{C4455430-2511-4D8B-A33C-F286DF1F21B3}.Release|Any CPU.Build.0 = Release|Any CPU
		{C4455430-2511-4D8B-A33C-F286DF1F21B3}.Release|x64.ActiveCfg = Release|Any CPU
		{C4455430-2511-4D8B-A33C-F286DF1F21B3}.Release|x64.Build.0 = Release|Any CPU
		{C4455430-2511-4D8B-A33C-F286DF1F21B3}.Release|x86.ActiveCfg = Release|Any CPU
		{C4455430-2511-4D8B-A33C-F286DF1F21B3}.Release|x86.Build.0 = Release|Any CPU
		{5A537A70-F4A4-4120-975F-7968985AEA16}.Debug|Any CPU.ActiveCfg = Debug|Any CPU
		{5A537A70-F4A4-4120-975F-7968985AEA16}.Debug|Any CPU.Build.0 = Debug|Any CPU
		{5A537A70-F4A4-4120-975F-7968985AEA16}.Debug|x64.ActiveCfg = Debug|Any CPU
		{5A537A70-F4A4-4120-975F-7968985AEA16}.Debug|x64.Build.0 = Debug|Any CPU
		{5A537A70-F4A4-4120-975F-7968985AEA16}.Debug|x86.ActiveCfg = Debug|Any CPU
		{5A537A70-F4A4-4120-975F-7968985AEA16}.Debug|x86.Build.0 = Debug|Any CPU
		{5A537A70-F4A4-4120-975F-7968985AEA16}.Release|Any CPU.ActiveCfg = Release|Any CPU
		{5A537A70-F4A4-4120-975F-7968985AEA16}.Release|Any CPU.Build.0 = Release|Any CPU
		{5A537A70-F4A4-4120-975F-7968985AEA16}.Release|x64.ActiveCfg = Release|Any CPU
		{5A537A70-F4A4-4120-975F-7968985AEA16}.Release|x64.Build.0 = Release|Any CPU
		{5A537A70-F4A4-4120-975F-7968985AEA16}.Release|x86.ActiveCfg = Release|Any CPU
		{5A537A70-F4A4-4120-975F-7968985AEA16}.Release|x86.Build.0 = Release|Any CPU
		{EFFE4427-9E27-445A-8E4F-A5DC3B558D80}.Debug|Any CPU.ActiveCfg = Debug|Any CPU
		{EFFE4427-9E27-445A-8E4F-A5DC3B558D80}.Debug|Any CPU.Build.0 = Debug|Any CPU
		{EFFE4427-9E27-445A-8E4F-A5DC3B558D80}.Debug|x64.ActiveCfg = Debug|Any CPU
		{EFFE4427-9E27-445A-8E4F-A5DC3B558D80}.Debug|x64.Build.0 = Debug|Any CPU
		{EFFE4427-9E27-445A-8E4F-A5DC3B558D80}.Debug|x86.ActiveCfg = Debug|Any CPU
		{EFFE4427-9E27-445A-8E4F-A5DC3B558D80}.Debug|x86.Build.0 = Debug|Any CPU
		{EFFE4427-9E27-445A-8E4F-A5DC3B558D80}.Release|Any CPU.ActiveCfg = Release|Any CPU
		{EFFE4427-9E27-445A-8E4F-A5DC3B558D80}.Release|Any CPU.Build.0 = Release|Any CPU
		{EFFE4427-9E27-445A-8E4F-A5DC3B558D80}.Release|x64.ActiveCfg = Release|Any CPU
		{EFFE4427-9E27-445A-8E4F-A5DC3B558D80}.Release|x64.Build.0 = Release|Any CPU
		{EFFE4427-9E27-445A-8E4F-A5DC3B558D80}.Release|x86.ActiveCfg = Release|Any CPU
		{EFFE4427-9E27-445A-8E4F-A5DC3B558D80}.Release|x86.Build.0 = Release|Any CPU
	EndGlobalSection
EndGlobal
